// !$*UTF8*$!
{
	archiveVersion = 1;
	classes = {
	};
	objectVersion = 55;
	objects = {

/* Begin PBXBuildFile section */
		334493A828FD0C6E00C86502 /* AppDelegate.swift in Sources */ = {isa = PBXBuildFile; fileRef = 334493A728FD0C6E00C86502 /* AppDelegate.swift */; };
		334493AA28FD0C6E00C86502 /* SceneDelegate.swift in Sources */ = {isa = PBXBuildFile; fileRef = 334493A928FD0C6E00C86502 /* SceneDelegate.swift */; };
		334493B128FD0C7000C86502 /* Assets.xcassets in Resources */ = {isa = PBXBuildFile; fileRef = 334493B028FD0C7000C86502 /* Assets.xcassets */; };
		334493BD28FD0CF300C86502 /* RootViewController.swift in Sources */ = {isa = PBXBuildFile; fileRef = 334493BC28FD0CF300C86502 /* RootViewController.swift */; };
		334493BF28FD0D2E00C86502 /* Coordinator.swift in Sources */ = {isa = PBXBuildFile; fileRef = 334493BE28FD0D2E00C86502 /* Coordinator.swift */; };
		334493C228FD2F5600C86502 /* Article.swift in Sources */ = {isa = PBXBuildFile; fileRef = 334493C128FD2F5600C86502 /* Article.swift */; };
		334493C528FD300E00C86502 /* ArticleService.swift in Sources */ = {isa = PBXBuildFile; fileRef = 334493C428FD300E00C86502 /* ArticleService.swift */; };
		334493C828FD3C7C00C86502 /* RootViewModel.swift in Sources */ = {isa = PBXBuildFile; fileRef = 334493C728FD3C7C00C86502 /* RootViewModel.swift */; };
		43CD12BEEAA705FBE5413003 /* Pods_MVVMRxSwift.framework in Frameworks */ = {isa = PBXBuildFile; fileRef = 8E3F6D5B7F2AFFE321EF233E /* Pods_MVVMRxSwift.framework */; };
/* End PBXBuildFile section */

/* Begin PBXFileReference section */
		334493A428FD0C6E00C86502 /* MVVMRxSwift.app */ = {isa = PBXFileReference; explicitFileType = wrapper.application; includeInIndex = 0; path = MVVMRxSwift.app; sourceTree = BUILT_PRODUCTS_DIR; };
		334493A728FD0C6E00C86502 /* AppDelegate.swift */ = {isa = PBXFileReference; lastKnownFileType = sourcecode.swift; path = AppDelegate.swift; sourceTree = "<group>"; };
		334493A928FD0C6E00C86502 /* SceneDelegate.swift */ = {isa = PBXFileReference; lastKnownFileType = sourcecode.swift; path = SceneDelegate.swift; sourceTree = "<group>"; };
		334493B028FD0C7000C86502 /* Assets.xcassets */ = {isa = PBXFileReference; lastKnownFileType = folder.assetcatalog; path = Assets.xcassets; sourceTree = "<group>"; };
		334493B528FD0C7000C86502 /* Info.plist */ = {isa = PBXFileReference; lastKnownFileType = text.plist.xml; path = Info.plist; sourceTree = "<group>"; };
		334493BC28FD0CF300C86502 /* RootViewController.swift */ = {isa = PBXFileReference; lastKnownFileType = sourcecode.swift; path = RootViewController.swift; sourceTree = "<group>"; };
		334493BE28FD0D2E00C86502 /* Coordinator.swift */ = {isa = PBXFileReference; lastKnownFileType = sourcecode.swift; path = Coordinator.swift; sourceTree = "<group>"; };
		334493C128FD2F5600C86502 /* Article.swift */ = {isa = PBXFileReference; lastKnownFileType = sourcecode.swift; path = Article.swift; sourceTree = "<group>"; };
		334493C428FD300E00C86502 /* ArticleService.swift */ = {isa = PBXFileReference; lastKnownFileType = sourcecode.swift; path = ArticleService.swift; sourceTree = "<group>"; };
		334493C728FD3C7C00C86502 /* RootViewModel.swift */ = {isa = PBXFileReference; lastKnownFileType = sourcecode.swift; path = RootViewModel.swift; sourceTree = "<group>"; };
		8E3F6D5B7F2AFFE321EF233E /* Pods_MVVMRxSwift.framework */ = {isa = PBXFileReference; explicitFileType = wrapper.framework; includeInIndex = 0; path = Pods_MVVMRxSwift.framework; sourceTree = BUILT_PRODUCTS_DIR; };
		B1D5A196CC4466A8ACED1EBB /* Pods-MVVMRxSwift.release.xcconfig */ = {isa = PBXFileReference; includeInIndex = 1; lastKnownFileType = text.xcconfig; name = "Pods-MVVMRxSwift.release.xcconfig"; path = "Target Support Files/Pods-MVVMRxSwift/Pods-MVVMRxSwift.release.xcconfig"; sourceTree = "<group>"; };
		D620F8824595A40A95B0B52A /* Pods-MVVMRxSwift.debug.xcconfig */ = {isa = PBXFileReference; includeInIndex = 1; lastKnownFileType = text.xcconfig; name = "Pods-MVVMRxSwift.debug.xcconfig"; path = "Target Support Files/Pods-MVVMRxSwift/Pods-MVVMRxSwift.debug.xcconfig"; sourceTree = "<group>"; };
/* End PBXFileReference section */

/* Begin PBXFrameworksBuildPhase section */
		334493A128FD0C6E00C86502 /* Frameworks */ = {
			isa = PBXFrameworksBuildPhase;
			buildActionMask = 2147483647;
			files = (
				43CD12BEEAA705FBE5413003 /* Pods_MVVMRxSwift.framework in Frameworks */,
			);
			runOnlyForDeploymentPostprocessing = 0;
		};
/* End PBXFrameworksBuildPhase section */

/* Begin PBXGroup section */
		267A510F7BEB56AD9751FE92 /* Pods */ = {
			isa = PBXGroup;
			children = (
				D620F8824595A40A95B0B52A /* Pods-MVVMRxSwift.debug.xcconfig */,
				B1D5A196CC4466A8ACED1EBB /* Pods-MVVMRxSwift.release.xcconfig */,
			);
			path = Pods;
			sourceTree = "<group>";
		};
		3344939B28FD0C6E00C86502 = {
			isa = PBXGroup;
			children = (
				334493A628FD0C6E00C86502 /* MVVMRxSwift */,
				334493A528FD0C6E00C86502 /* Products */,
				267A510F7BEB56AD9751FE92 /* Pods */,
				AC7F4ACFD67183766717D848 /* Frameworks */,
			);
			sourceTree = "<group>";
		};
		334493A528FD0C6E00C86502 /* Products */ = {
			isa = PBXGroup;
			children = (
				334493A428FD0C6E00C86502 /* MVVMRxSwift.app */,
			);
			name = Products;
			sourceTree = "<group>";
		};
		334493A628FD0C6E00C86502 /* MVVMRxSwift */ = {
			isa = PBXGroup;
			children = (
				334493C628FD3C6B00C86502 /* ViewModels */,
				334493C328FD2FF800C86502 /* Service */,
				334493C028FD2F3F00C86502 /* Model */,
				334493BB28FD0CDD00C86502 /* Controllers */,
				334493A728FD0C6E00C86502 /* AppDelegate.swift */,
				334493A928FD0C6E00C86502 /* SceneDelegate.swift */,
				334493B028FD0C7000C86502 /* Assets.xcassets */,
				334493B528FD0C7000C86502 /* Info.plist */,
			);
			path = MVVMRxSwift;
			sourceTree = "<group>";
		};
		334493BB28FD0CDD00C86502 /* Controllers */ = {
			isa = PBXGroup;
			children = (
				334493BC28FD0CF300C86502 /* RootViewController.swift */,
				334493BE28FD0D2E00C86502 /* Coordinator.swift */,
			);
			path = Controllers;
			sourceTree = "<group>";
		};
		334493C028FD2F3F00C86502 /* Model */ = {
			isa = PBXGroup;
			children = (
				334493C128FD2F5600C86502 /* Article.swift */,
			);
			path = Model;
			sourceTree = "<group>";
		};
		334493C328FD2FF800C86502 /* Service */ = {
			isa = PBXGroup;
			children = (
				334493C428FD300E00C86502 /* ArticleService.swift */,
			);
			path = Service;
			sourceTree = "<group>";
		};
		334493C628FD3C6B00C86502 /* ViewModels */ = {
			isa = PBXGroup;
			children = (
				334493C728FD3C7C00C86502 /* RootViewModel.swift */,
			);
			path = ViewModels;
			sourceTree = "<group>";
		};
		AC7F4ACFD67183766717D848 /* Frameworks */ = {
			isa = PBXGroup;
			children = (
				8E3F6D5B7F2AFFE321EF233E /* Pods_MVVMRxSwift.framework */,
			);
			name = Frameworks;
			sourceTree = "<group>";
		};
/* End PBXGroup section */

/* Begin PBXNativeTarget section */
		334493A328FD0C6E00C86502 /* MVVMRxSwift */ = {
			isa = PBXNativeTarget;
			buildConfigurationList = 334493B828FD0C7000C86502 /* Build configuration list for PBXNativeTarget "MVVMRxSwift" */;
			buildPhases = (
				4F1B85B7DB38F16D6DD7DD6F /* [CP] Check Pods Manifest.lock */,
				334493A028FD0C6E00C86502 /* Sources */,
				334493A128FD0C6E00C86502 /* Frameworks */,
				334493A228FD0C6E00C86502 /* Resources */,
				C4FC26950C3EA0655AA14DD9 /* [CP] Embed Pods Frameworks */,
			);
			buildRules = (
			);
			dependencies = (
			);
			name = MVVMRxSwift;
			productName = MVVMRxSwift;
			productReference = 334493A428FD0C6E00C86502 /* MVVMRxSwift.app */;
			productType = "com.apple.product-type.application";
		};
/* End PBXNativeTarget section */

/* Begin PBXProject section */
		3344939C28FD0C6E00C86502 /* Project object */ = {
			isa = PBXProject;
			attributes = {
				BuildIndependentTargetsInParallel = 1;
				LastSwiftUpdateCheck = 1340;
				LastUpgradeCheck = 1340;
				TargetAttributes = {
					334493A328FD0C6E00C86502 = {
						CreatedOnToolsVersion = 13.4.1;
					};
				};
			};
			buildConfigurationList = 3344939F28FD0C6E00C86502 /* Build configuration list for PBXProject "MVVMRxSwift" */;
			compatibilityVersion = "Xcode 13.0";
			developmentRegion = en;
			hasScannedForEncodings = 0;
			knownRegions = (
				en,
				Base,
			);
			mainGroup = 3344939B28FD0C6E00C86502;
			productRefGroup = 334493A528FD0C6E00C86502 /* Products */;
			projectDirPath = "";
			projectRoot = "";
			targets = (
				334493A328FD0C6E00C86502 /* MVVMRxSwift */,
			);
		};
/* End PBXProject section */

/* Begin PBXResourcesBuildPhase section */
		334493A228FD0C6E00C86502 /* Resources */ = {
			isa = PBXResourcesBuildPhase;
			buildActionMask = 2147483647;
			files = (
				334493B128FD0C7000C86502 /* Assets.xcassets in Resources */,
			);
			runOnlyForDeploymentPostprocessing = 0;
		};
/* End PBXResourcesBuildPhase section */

/* Begin PBXShellScriptBuildPhase section */
		4F1B85B7DB38F16D6DD7DD6F /* [CP] Check Pods Manifest.lock */ = {
			isa = PBXShellScriptBuildPhase;
			buildActionMask = 2147483647;
			files = (
			);
			inputFileListPaths = (
			);
			inputPaths = (
				"${PODS_PODFILE_DIR_PATH}/Podfile.lock",
				"${PODS_ROOT}/Manifest.lock",
			);
			name = "[CP] Check Pods Manifest.lock";
			outputFileListPaths = (
			);
			outputPaths = (
				"$(DERIVED_FILE_DIR)/Pods-MVVMRxSwift-checkManifestLockResult.txt",
			);
			runOnlyForDeploymentPostprocessing = 0;
			shellPath = /bin/sh;
			shellScript = "diff \"${PODS_PODFILE_DIR_PATH}/Podfile.lock\" \"${PODS_ROOT}/Manifest.lock\" > /dev/null\nif [ $? != 0 ] ; then\n    # print error to STDERR\n    echo \"error: The sandbox is not in sync with the Podfile.lock. Run 'pod install' or update your CocoaPods installation.\" >&2\n    exit 1\nfi\n# This output is used by Xcode 'outputs' to avoid re-running this script phase.\necho \"SUCCESS\" > \"${SCRIPT_OUTPUT_FILE_0}\"\n";
			showEnvVarsInLog = 0;
		};
		C4FC26950C3EA0655AA14DD9 /* [CP] Embed Pods Frameworks */ = {
			isa = PBXShellScriptBuildPhase;
			buildActionMask = 2147483647;
			files = (
			);
			inputFileListPaths = (
				"${PODS_ROOT}/Target Support Files/Pods-MVVMRxSwift/Pods-MVVMRxSwift-frameworks-${CONFIGURATION}-input-files.xcfilelist",
			);
			name = "[CP] Embed Pods Frameworks";
			outputFileListPaths = (
				"${PODS_ROOT}/Target Support Files/Pods-MVVMRxSwift/Pods-MVVMRxSwift-frameworks-${CONFIGURATION}-output-files.xcfilelist",
			);
			runOnlyForDeploymentPostprocessing = 0;
			shellPath = /bin/sh;
			shellScript = "\"${PODS_ROOT}/Target Support Files/Pods-MVVMRxSwift/Pods-MVVMRxSwift-frameworks.sh\"\n";
			showEnvVarsInLog = 0;
		};
/* End PBXShellScriptBuildPhase section */

/* Begin PBXSourcesBuildPhase section */
		334493A028FD0C6E00C86502 /* Sources */ = {
			isa = PBXSourcesBuildPhase;
			buildActionMask = 2147483647;
			files = (
				334493C228FD2F5600C86502 /* Article.swift in Sources */,
				334493C828FD3C7C00C86502 /* RootViewModel.swift in Sources */,
				334493BF28FD0D2E00C86502 /* Coordinator.swift in Sources */,
				334493C528FD300E00C86502 /* ArticleService.swift in Sources */,
				334493A828FD0C6E00C86502 /* AppDelegate.swift in Sources */,
				334493AA28FD0C6E00C86502 /* SceneDelegate.swift in Sources */,
				334493BD28FD0CF300C86502 /* RootViewController.swift in Sources */,
			);
			runOnlyForDeploymentPostprocessing = 0;
		};
/* End PBXSourcesBuildPhase section */

/* Begin XCBuildConfiguration section */
		334493B628FD0C7000C86502 /* Debug */ = {
			isa = XCBuildConfiguration;
			buildSettings = {
				ALWAYS_SEARCH_USER_PATHS = NO;
				CLANG_ANALYZER_NONNULL = YES;
				CLANG_ANALYZER_NUMBER_OBJECT_CONVERSION = YES_AGGRESSIVE;
				CLANG_CXX_LANGUAGE_STANDARD = "gnu++17";
				CLANG_ENABLE_MODULES = YES;
				CLANG_ENABLE_OBJC_ARC = YES;
				CLANG_ENABLE_OBJC_WEAK = YES;
				CLANG_WARN_BLOCK_CAPTURE_AUTORELEASING = YES;
				CLANG_WARN_BOOL_CONVERSION = YES;
				CLANG_WARN_COMMA = YES;
				CLANG_WARN_CONSTANT_CONVERSION = YES;
				CLANG_WARN_DEPRECATED_OBJC_IMPLEMENTATIONS = YES;
				CLANG_WARN_DIRECT_OBJC_ISA_USAGE = YES_ERROR;
				CLANG_WARN_DOCUMENTATION_COMMENTS = YES;
				CLANG_WARN_EMPTY_BODY = YES;
				CLANG_WARN_ENUM_CONVERSION = YES;
				CLANG_WARN_INFINITE_RECURSION = YES;
				CLANG_WARN_INT_CONVERSION = YES;
				CLANG_WARN_NON_LITERAL_NULL_CONVERSION = YES;
				CLANG_WARN_OBJC_IMPLICIT_RETAIN_SELF = YES;
				CLANG_WARN_OBJC_LITERAL_CONVERSION = YES;
				CLANG_WARN_OBJC_ROOT_CLASS = YES_ERROR;
				CLANG_WARN_QUOTED_INCLUDE_IN_FRAMEWORK_HEADER = YES;
				CLANG_WARN_RANGE_LOOP_ANALYSIS = YES;
				CLANG_WARN_STRICT_PROTOTYPES = YES;
				CLANG_WARN_SUSPICIOUS_MOVE = YES;
				CLANG_WARN_UNGUARDED_AVAILABILITY = YES_AGGRESSIVE;
				CLANG_WARN_UNREACHABLE_CODE = YES;
				CLANG_WARN__DUPLICATE_METHOD_MATCH = YES;
				COPY_PHASE_STRIP = NO;
				DEBUG_INFORMATION_FORMAT = dwarf;
				ENABLE_STRICT_OBJC_MSGSEND = YES;
				ENABLE_TESTABILITY = YES;
				GCC_C_LANGUAGE_STANDARD = gnu11;
				GCC_DYNAMIC_NO_PIC = NO;
				GCC_NO_COMMON_BLOCKS = YES;
				GCC_OPTIMIZATION_LEVEL = 0;
				GCC_PREPROCESSOR_DEFINITIONS = (
					"DEBUG=1",
					"$(inherited)",
				);
				GCC_WARN_64_TO_32_BIT_CONVERSION = YES;
				GCC_WARN_ABOUT_RETURN_TYPE = YES_ERROR;
				GCC_WARN_UNDECLARED_SELECTOR = YES;
				GCC_WARN_UNINITIALIZED_AUTOS = YES_AGGRESSIVE;
				GCC_WARN_UNUSED_FUNCTION = YES;
				GCC_WARN_UNUSED_VARIABLE = YES;
				IPHONEOS_DEPLOYMENT_TARGET = 15.5;
				MTL_ENABLE_DEBUG_INFO = INCLUDE_SOURCE;
				MTL_FAST_MATH = YES;
				ONLY_ACTIVE_ARCH = YES;
				SDKROOT = iphoneos;
				SWIFT_ACTIVE_COMPILATION_CONDITIONS = DEBUG;
				SWIFT_OPTIMIZATION_LEVEL = "-Onone";
			};
			name = Debug;
		};
		334493B728FD0C7000C86502 /* Release */ = {
			isa = XCBuildConfiguration;
			buildSettings = {
				ALWAYS_SEARCH_USER_PATHS = NO;
				CLANG_ANALYZER_NONNULL = YES;
				CLANG_ANALYZER_NUMBER_OBJECT_CONVERSION = YES_AGGRESSIVE;
				CLANG_CXX_LANGUAGE_STANDARD = "gnu++17";
				CLANG_ENABLE_MODULES = YES;
				CLANG_ENABLE_OBJC_ARC = YES;
				CLANG_ENABLE_OBJC_WEAK = YES;
				CLANG_WARN_BLOCK_CAPTURE_AUTORELEASING = YES;
				CLANG_WARN_BOOL_CONVERSION = YES;
				CLANG_WARN_COMMA = YES;
				CLANG_WARN_CONSTANT_CONVERSION = YES;
				CLANG_WARN_DEPRECATED_OBJC_IMPLEMENTATIONS = YES;
				CLANG_WARN_DIRECT_OBJC_ISA_USAGE = YES_ERROR;
				CLANG_WARN_DOCUMENTATION_COMMENTS = YES;
				CLANG_WARN_EMPTY_BODY = YES;
				CLANG_WARN_ENUM_CONVERSION = YES;
				CLANG_WARN_INFINITE_RECURSION = YES;
				CLANG_WARN_INT_CONVERSION = YES;
				CLANG_WARN_NON_LITERAL_NULL_CONVERSION = YES;
				CLANG_WARN_OBJC_IMPLICIT_RETAIN_SELF = YES;
				CLANG_WARN_OBJC_LITERAL_CONVERSION = YES;
				CLANG_WARN_OBJC_ROOT_CLASS = YES_ERROR;
				CLANG_WARN_QUOTED_INCLUDE_IN_FRAMEWORK_HEADER = YES;
				CLANG_WARN_RANGE_LOOP_ANALYSIS = YES;
				CLANG_WARN_STRICT_PROTOTYPES = YES;
				CLANG_WARN_SUSPICIOUS_MOVE = YES;
				CLANG_WARN_UNGUARDED_AVAILABILITY = YES_AGGRESSIVE;
				CLANG_WARN_UNREACHABLE_CODE = YES;
				CLANG_WARN__DUPLICATE_METHOD_MATCH = YES;
				COPY_PHASE_STRIP = NO;
				DEBUG_INFORMATION_FORMAT = "dwarf-with-dsym";
				ENABLE_NS_ASSERTIONS = NO;
				ENABLE_STRICT_OBJC_MSGSEND = YES;
				GCC_C_LANGUAGE_STANDARD = gnu11;
				GCC_NO_COMMON_BLOCKS = YES;
				GCC_WARN_64_TO_32_BIT_CONVERSION = YES;
				GCC_WARN_ABOUT_RETURN_TYPE = YES_ERROR;
				GCC_WARN_UNDECLARED_SELECTOR = YES;
				GCC_WARN_UNINITIALIZED_AUTOS = YES_AGGRESSIVE;
				GCC_WARN_UNUSED_FUNCTION = YES;
				GCC_WARN_UNUSED_VARIABLE = YES;
				IPHONEOS_DEPLOYMENT_TARGET = 15.5;
				MTL_ENABLE_DEBUG_INFO = NO;
				MTL_FAST_MATH = YES;
				SDKROOT = iphoneos;
				SWIFT_COMPILATION_MODE = wholemodule;
				SWIFT_OPTIMIZATION_LEVEL = "-O";
				VALIDATE_PRODUCT = YES;
			};
			name = Release;
		};
		334493B928FD0C7000C86502 /* Debug */ = {
			isa = XCBuildConfiguration;
			baseConfigurationReference = D620F8824595A40A95B0B52A /* Pods-MVVMRxSwift.debug.xcconfig */;
			buildSettings = {
				ASSETCATALOG_COMPILER_APPICON_NAME = AppIcon;
				ASSETCATALOG_COMPILER_GLOBAL_ACCENT_COLOR_NAME = AccentColor;
				CODE_SIGN_STYLE = Automatic;
				CURRENT_PROJECT_VERSION = 1;
				GENERATE_INFOPLIST_FILE = YES;
				INFOPLIST_FILE = MVVMRxSwift/Info.plist;
				INFOPLIST_KEY_UIApplicationSupportsIndirectInputEvents = YES;
				INFOPLIST_KEY_UILaunchStoryboardName = LaunchScreen;
				INFOPLIST_KEY_UISupportedInterfaceOrientations_iPad = "UIInterfaceOrientationPortrait UIInterfaceOrientationPortraitUpsideDown UIInterfaceOrientationLandscapeLeft UIInterfaceOrientationLandscapeRight";
				INFOPLIST_KEY_UISupportedInterfaceOrientations_iPhone = "UIInterfaceOrientationPortrait UIInterfaceOrientationLandscapeLeft UIInterfaceOrientationLandscapeRight";
				LD_RUNPATH_SEARCH_PATHS = (
					"$(inherited)",
					"@executable_path/Frameworks",
				);
				MARKETING_VERSION = 1.0;
				PRODUCT_BUNDLE_IDENTIFIER = com.test.MVVMRxSwift;
				PRODUCT_NAME = "$(TARGET_NAME)";
				SWIFT_EMIT_LOC_STRINGS = YES;
				SWIFT_VERSION = 5.0;
				TARGETED_DEVICE_FAMILY = "1,2";
			};
			name = Debug;
		};
		334493BA28FD0C7000C86502 /* Release */ = {
			isa = XCBuildConfiguration;
			baseConfigurationReference = B1D5A196CC4466A8ACED1EBB /* Pods-MVVMRxSwift.release.xcconfig */;
			buildSettings = {
				ASSETCATALOG_COMPILER_APPICON_NAME = AppIcon;
				ASSETCATALOG_COMPILER_GLOBAL_ACCENT_COLOR_NAME = AccentColor;
				CODE_SIGN_STYLE = Automatic;
				CURRENT_PROJECT_VERSION = 1;
				GENERATE_INFOPLIST_FILE = YES;
				INFOPLIST_FILE = MVVMRxSwift/Info.plist;
				INFOPLIST_KEY_UIApplicationSupportsIndirectInputEvents = YES;
				INFOPLIST_KEY_UILaunchStoryboardName = LaunchScreen;
				INFOPLIST_KEY_UISupportedInterfaceOrientations_iPad = "UIInterfaceOrientationPortrait UIInterfaceOrientationPortraitUpsideDown UIInterfaceOrientationLandscapeLeft UIInterfaceOrientationLandscapeRight";
				INFOPLIST_KEY_UISupportedInterfaceOrientations_iPhone = "UIInterfaceOrientationPortrait UIInterfaceOrientationLandscapeLeft UIInterfaceOrientationLandscapeRight";
				LD_RUNPATH_SEARCH_PATHS = (
					"$(inherited)",
					"@executable_path/Frameworks",
				);
				MARKETING_VERSION = 1.0;
				PRODUCT_BUNDLE_IDENTIFIER = com.test.MVVMRxSwift;
				PRODUCT_NAME = "$(TARGET_NAME)";
				SWIFT_EMIT_LOC_STRINGS = YES;
				SWIFT_VERSION = 5.0;
				TARGETED_DEVICE_FAMILY = "1,2";
			};
			name = Release;
		};
/* End XCBuildConfiguration section */

/* Begin XCConfigurationList section */
		3344939F28FD0C6E00C86502 /* Build configuration list for PBXProject "MVVMRxSwift" */ = {
			isa = XCConfigurationList;
			buildConfigurations = (
				334493B628FD0C7000C86502 /* Debug */,
				334493B728FD0C7000C86502 /* Release */,
			);
			defaultConfigurationIsVisible = 0;
			defaultConfigurationName = Release;
		};
		334493B828FD0C7000C86502 /* Build configuration list for PBXNativeTarget "MVVMRxSwift" */ = {
			isa = XCConfigurationList;
			buildConfigurations = (
				334493B928FD0C7000C86502 /* Debug */,
				334493BA28FD0C7000C86502 /* Release */,
			);
			defaultConfigurationIsVisible = 0;
			defaultConfigurationName = Release;
		};
/* End XCConfigurationList section */
	};
	rootObject = 3344939C28FD0C6E00C86502 /* Project object */;
}
